
Microsoft Visual Studio Solution File, Format Version 12.00
# Visual Studio Version 17
VisualStudioVersion = 17.1.32210.238
MinimumVisualStudioVersion = 10.0.40219.1
Project("{FAE04EC0-301F-11D3-BF4B-00C04F79EFBC}") = "CloudClients.AWS.Lambda", "CloudClients.AWS.Lambda\CloudClients.AWS.Lambda.csproj", "{0FB19D6F-EAD2-4376-B45D-7A1655AC0AFA}"
EndProject
Project("{FAE04EC0-301F-11D3-BF4B-00C04F79EFBC}") = "CloudClients.AWS.Lambda.Tests", "CloudClients.AWS.Lambda.Tests\CloudClients.AWS.Lambda.Tests.csproj", "{82FD2227-A30D-4802-95D6-F91E6DF467F8}"
EndProject
Global
	GlobalSection(SolutionConfigurationPlatforms) = preSolution
		Debug|Any CPU = Debug|Any CPU
		Release|Any CPU = Release|Any CPU
	EndGlobalSection
	GlobalSection(ProjectConfigurationPlatforms) = postSolution
		{0FB19D6F-EAD2-4376-B45D-7A1655AC0AFA}.Debug|Any CPU.ActiveCfg = Debug|Any CPU
		{0FB19D6F-EAD2-4376-B45D-7A1655AC0AFA}.Debug|Any CPU.Build.0 = Debug|Any CPU
		{0FB19D6F-EAD2-4376-B45D-7A1655AC0AFA}.Release|Any CPU.ActiveCfg = Release|Any CPU
		{0FB19D6F-EAD2-4376-B45D-7A1655AC0AFA}.Release|Any CPU.Build.0 = Release|Any CPU
		{82FD2227-A30D-4802-95D6-F91E6DF467F8}.Debug|Any CPU.ActiveCfg = Debug|Any CPU
		{82FD2227-A30D-4802-95D6-F91E6DF467F8}.Debug|Any CPU.Build.0 = Debug|Any CPU
		{82FD2227-A30D-4802-95D6-F91E6DF467F8}.Release|Any CPU.ActiveCfg = Release|Any CPU
		{82FD2227-A30D-4802-95D6-F91E6DF467F8}.Release|Any CPU.Build.0 = Release|Any CPU
	EndGlobalSection
	GlobalSection(SolutionProperties) = preSolution
		HideSolutionNode = FALSE
	EndGlobalSection
	GlobalSection(ExtensibilityGlobals) = postSolution
		SolutionGuid = {54F008E2-3FFA-4A78-B85C-A4F4B7881AE3}
	EndGlobalSection
EndGlobal
